
Microsoft Visual Studio Solution File, Format Version 12.00
# Visual Studio Version 17
VisualStudioVersion = 17.7.34221.43
MinimumVisualStudioVersion = 10.0.40219.1
Project("{FAE04EC0-301F-11D3-BF4B-00C04F79EFBC}") = "Inventory_Platform", "Inventory_Platform\Inventory_Platform.csproj", "{02A1B85B-7598-4D64-BD31-4B6CACDE8D00}"
EndProject
Global
	GlobalSection(SolutionConfigurationPlatforms) = preSolution
		Debug|Any CPU = Debug|Any CPU
		Release|Any CPU = Release|Any CPU
	EndGlobalSection
	GlobalSection(ProjectConfigurationPlatforms) = postSolution
		{02A1B85B-7598-4D64-BD31-4B6CACDE8D00}.Debug|Any CPU.ActiveCfg = Debug|Any CPU
		{02A1B85B-7598-4D64-BD31-4B6CACDE8D00}.Debug|Any CPU.Build.0 = Debug|Any CPU
		{02A1B85B-7598-4D64-BD31-4B6CACDE8D00}.Release|Any CPU.ActiveCfg = Release|Any CPU
		{02A1B85B-7598-4D64-BD31-4B6CACDE8D00}.Release|Any CPU.Build.0 = Release|Any CPU
	EndGlobalSection
	GlobalSection(SolutionProperties) = preSolution
		HideSolutionNode = FALSE
	EndGlobalSection
	GlobalSection(ExtensibilityGlobals) = postSolution
		SolutionGuid = {79712A7A-FF47-49D2-A341-BD64F5BCF881}
	EndGlobalSection
EndGlobal
